
Microsoft Visual Studio Solution File, Format Version 12.00
# Visual Studio 14
VisualStudioVersion = 14.0.25420.1
MinimumVisualStudioVersion = 10.0.40219.1
Project("{FAE04EC0-301F-11D3-BF4B-00C04F79EFBC}") = "Phan3_57132014", "Phan3_57132014\Phan3_57132014.csproj", "{A844F9DE-2E74-4182-A1CF-CBE7A5F8525C}"
EndProject
Global
	GlobalSection(SolutionConfigurationPlatforms) = preSolution
		Debug|Any CPU = Debug|Any CPU
		Release|Any CPU = Release|Any CPU
	EndGlobalSection
	GlobalSection(ProjectConfigurationPlatforms) = postSolution
		{A844F9DE-2E74-4182-A1CF-CBE7A5F8525C}.Debug|Any CPU.ActiveCfg = Debug|Any CPU
		{A844F9DE-2E74-4182-A1CF-CBE7A5F8525C}.Debug|Any CPU.Build.0 = Debug|Any CPU
		{A844F9DE-2E74-4182-A1CF-CBE7A5F8525C}.Release|Any CPU.ActiveCfg = Release|Any CPU
		{A844F9DE-2E74-4182-A1CF-CBE7A5F8525C}.Release|Any CPU.Build.0 = Release|Any CPU
	EndGlobalSection
	GlobalSection(SolutionProperties) = preSolution
		HideSolutionNode = FALSE
	EndGlobalSection
EndGlobal
